
Microsoft Visual Studio Solution File, Format Version 12.00
# Visual Studio Version 16
VisualStudioVersion = 16.0.29613.14
MinimumVisualStudioVersion = 10.0.40219.1
Project("{FAE04EC0-301F-11D3-BF4B-00C04F79EFBC}") = "Gtos", "Gtos\Gtos.csproj", "{4ED74F00-34BB-4B9F-B47E-38B91769F774}"
EndProject
Global
	GlobalSection(SolutionConfigurationPlatforms) = preSolution
		Debug|Any CPU = Debug|Any CPU
		Release|Any CPU = Release|Any CPU
	EndGlobalSection
	GlobalSection(ProjectConfigurationPlatforms) = postSolution
		{4ED74F00-34BB-4B9F-B47E-38B91769F774}.Debug|Any CPU.ActiveCfg = Debug|Any CPU
		{4ED74F00-34BB-4B9F-B47E-38B91769F774}.Debug|Any CPU.Build.0 = Debug|Any CPU
		{4ED74F00-34BB-4B9F-B47E-38B91769F774}.Release|Any CPU.ActiveCfg = Release|Any CPU
		{4ED74F00-34BB-4B9F-B47E-38B91769F774}.Release|Any CPU.Build.0 = Release|Any CPU
	EndGlobalSection
	GlobalSection(SolutionProperties) = preSolution
		HideSolutionNode = FALSE
	EndGlobalSection
	GlobalSection(ExtensibilityGlobals) = postSolution
		SolutionGuid = {D20C58C3-3C51-4530-93C9-F64366878A20}
	EndGlobalSection
EndGlobal
